// !$*UTF8*$!
{
	archiveVersion = 1;
	classes = {
	};
	objectVersion = 51;
	objects = {

/* Begin PBXBuildFile section */
		10DFEA2425ECAC90002EF553 /* AppDelegate.swift in Sources */ = {isa = PBXBuildFile; fileRef = 10DFEA2325ECAC90002EF553 /* AppDelegate.swift */; };
		10DFEA2625ECAC90002EF553 /* SceneDelegate.swift in Sources */ = {isa = PBXBuildFile; fileRef = 10DFEA2525ECAC90002EF553 /* SceneDelegate.swift */; };
		10DFEA2825ECAC90002EF553 /* ViewController.swift in Sources */ = {isa = PBXBuildFile; fileRef = 10DFEA2725ECAC90002EF553 /* ViewController.swift */; };
		10DFEA2E25ECAC90002EF553 /* Learn_IOS_AM.xcdatamodeld in Sources */ = {isa = PBXBuildFile; fileRef = 10DFEA2C25ECAC90002EF553 /* Learn_IOS_AM.xcdatamodeld */; };
		10DFEA3025ECAC97002EF553 /* Assets.xcassets in Resources */ = {isa = PBXBuildFile; fileRef = 10DFEA2F25ECAC97002EF553 /* Assets.xcassets */; };
		10DFEA3325ECAC97002EF553 /* LaunchScreen.storyboard in Resources */ = {isa = PBXBuildFile; fileRef = 10DFEA3125ECAC97002EF553 /* LaunchScreen.storyboard */; };
		10DFEA4825EDEC1A002EF553 /* HomeViewController.swift in Sources */ = {isa = PBXBuildFile; fileRef = 10DFEA4625EDEC1A002EF553 /* HomeViewController.swift */; };
		10DFEA4925EDEC1A002EF553 /* HomeViewController.xib in Resources */ = {isa = PBXBuildFile; fileRef = 10DFEA4725EDEC1A002EF553 /* HomeViewController.xib */; };
		10DFEA4D25EDF3AE002EF553 /* HomeResponseWrapper.swift in Sources */ = {isa = PBXBuildFile; fileRef = 10DFEA4C25EDF3AE002EF553 /* HomeResponseWrapper.swift */; };
		10DFEA5025EDF910002EF553 /* HomeViewModel.swift in Sources */ = {isa = PBXBuildFile; fileRef = 10DFEA4F25EDF910002EF553 /* HomeViewModel.swift */; };
		10DFEA6525EE0FF9002EF553 /* HomeNetworkProvider.swift in Sources */ = {isa = PBXBuildFile; fileRef = 10DFEA6425EE0FF9002EF553 /* HomeNetworkProvider.swift */; };
		10DFEA6825EE1020002EF553 /* HomeTarget.swift in Sources */ = {isa = PBXBuildFile; fileRef = 10DFEA6725EE1020002EF553 /* HomeTarget.swift */; };
		34BF4F5246A4C5580BD9ED32 /* Pods_Learn_IOS_AM.framework in Frameworks */ = {isa = PBXBuildFile; fileRef = 71E53A3EC0A7077176BB1F70 /* Pods_Learn_IOS_AM.framework */; };
/* End PBXBuildFile section */

/* Begin PBXFileReference section */
		10DFEA2025ECAC90002EF553 /* Learn IOS AM.app */ = {isa = PBXFileReference; explicitFileType = wrapper.application; includeInIndex = 0; path = "Learn IOS AM.app"; sourceTree = BUILT_PRODUCTS_DIR; };
		10DFEA2325ECAC90002EF553 /* AppDelegate.swift */ = {isa = PBXFileReference; lastKnownFileType = sourcecode.swift; path = AppDelegate.swift; sourceTree = "<group>"; };
		10DFEA2525ECAC90002EF553 /* SceneDelegate.swift */ = {isa = PBXFileReference; lastKnownFileType = sourcecode.swift; path = SceneDelegate.swift; sourceTree = "<group>"; };
		10DFEA2725ECAC90002EF553 /* ViewController.swift */ = {isa = PBXFileReference; lastKnownFileType = sourcecode.swift; path = ViewController.swift; sourceTree = "<group>"; };
		10DFEA2D25ECAC90002EF553 /* Learn_IOS_AM.xcdatamodel */ = {isa = PBXFileReference; lastKnownFileType = wrapper.xcdatamodel; path = Learn_IOS_AM.xcdatamodel; sourceTree = "<group>"; };
		10DFEA2F25ECAC97002EF553 /* Assets.xcassets */ = {isa = PBXFileReference; lastKnownFileType = folder.assetcatalog; path = Assets.xcassets; sourceTree = "<group>"; };
		10DFEA3225ECAC97002EF553 /* Base */ = {isa = PBXFileReference; lastKnownFileType = file.storyboard; name = Base; path = Base.lproj/LaunchScreen.storyboard; sourceTree = "<group>"; };
		10DFEA3425ECAC97002EF553 /* Info.plist */ = {isa = PBXFileReference; lastKnownFileType = text.plist.xml; path = Info.plist; sourceTree = "<group>"; };
		10DFEA4625EDEC1A002EF553 /* HomeViewController.swift */ = {isa = PBXFileReference; lastKnownFileType = sourcecode.swift; path = HomeViewController.swift; sourceTree = "<group>"; };
		10DFEA4725EDEC1A002EF553 /* HomeViewController.xib */ = {isa = PBXFileReference; lastKnownFileType = file.xib; path = HomeViewController.xib; sourceTree = "<group>"; };
		10DFEA4C25EDF3AE002EF553 /* HomeResponseWrapper.swift */ = {isa = PBXFileReference; lastKnownFileType = sourcecode.swift; path = HomeResponseWrapper.swift; sourceTree = "<group>"; };
		10DFEA4F25EDF910002EF553 /* HomeViewModel.swift */ = {isa = PBXFileReference; lastKnownFileType = sourcecode.swift; path = HomeViewModel.swift; sourceTree = "<group>"; };
		10DFEA6425EE0FF9002EF553 /* HomeNetworkProvider.swift */ = {isa = PBXFileReference; lastKnownFileType = sourcecode.swift; path = HomeNetworkProvider.swift; sourceTree = "<group>"; };
		10DFEA6725EE1020002EF553 /* HomeTarget.swift */ = {isa = PBXFileReference; lastKnownFileType = sourcecode.swift; path = HomeTarget.swift; sourceTree = "<group>"; };
		71E53A3EC0A7077176BB1F70 /* Pods_Learn_IOS_AM.framework */ = {isa = PBXFileReference; explicitFileType = wrapper.framework; includeInIndex = 0; path = Pods_Learn_IOS_AM.framework; sourceTree = BUILT_PRODUCTS_DIR; };
		B3CC9CD08F78FF5BF7337E2E /* Pods-Learn IOS AM.release.xcconfig */ = {isa = PBXFileReference; includeInIndex = 1; lastKnownFileType = text.xcconfig; name = "Pods-Learn IOS AM.release.xcconfig"; path = "Target Support Files/Pods-Learn IOS AM/Pods-Learn IOS AM.release.xcconfig"; sourceTree = "<group>"; };
		F7A7FA8CE36D934B4827E0C4 /* Pods-Learn IOS AM.debug.xcconfig */ = {isa = PBXFileReference; includeInIndex = 1; lastKnownFileType = text.xcconfig; name = "Pods-Learn IOS AM.debug.xcconfig"; path = "Target Support Files/Pods-Learn IOS AM/Pods-Learn IOS AM.debug.xcconfig"; sourceTree = "<group>"; };
/* End PBXFileReference section */

/* Begin PBXFrameworksBuildPhase section */
		10DFEA1D25ECAC90002EF553 /* Frameworks */ = {
			isa = PBXFrameworksBuildPhase;
			buildActionMask = 2147483647;
			files = (
				34BF4F5246A4C5580BD9ED32 /* Pods_Learn_IOS_AM.framework in Frameworks */,
			);
			runOnlyForDeploymentPostprocessing = 0;
		};
/* End PBXFrameworksBuildPhase section */

/* Begin PBXGroup section */
		0B0997D01BAD296D40DB6B5D /* Frameworks */ = {
			isa = PBXGroup;
			children = (
				71E53A3EC0A7077176BB1F70 /* Pods_Learn_IOS_AM.framework */,
			);
			name = Frameworks;
			sourceTree = "<group>";
		};
		10DFEA1725ECAC8F002EF553 = {
			isa = PBXGroup;
			children = (
				10DFEA2225ECAC90002EF553 /* Learn IOS AM */,
				10DFEA2125ECAC90002EF553 /* Products */,
				200EBCC6A8118D742B71DEEA /* Pods */,
				0B0997D01BAD296D40DB6B5D /* Frameworks */,
			);
			sourceTree = "<group>";
		};
		10DFEA2125ECAC90002EF553 /* Products */ = {
			isa = PBXGroup;
			children = (
				10DFEA2025ECAC90002EF553 /* Learn IOS AM.app */,
			);
			name = Products;
			sourceTree = "<group>";
		};
		10DFEA2225ECAC90002EF553 /* Learn IOS AM */ = {
			isa = PBXGroup;
			children = (
				10DFEA3F25EDEA29002EF553 /* Feature */,
				10DFEA2325ECAC90002EF553 /* AppDelegate.swift */,
				10DFEA2525ECAC90002EF553 /* SceneDelegate.swift */,
				10DFEA2725ECAC90002EF553 /* ViewController.swift */,
				10DFEA2F25ECAC97002EF553 /* Assets.xcassets */,
				10DFEA3125ECAC97002EF553 /* LaunchScreen.storyboard */,
				10DFEA3425ECAC97002EF553 /* Info.plist */,
				10DFEA2C25ECAC90002EF553 /* Learn_IOS_AM.xcdatamodeld */,
			);
			path = "Learn IOS AM";
			sourceTree = "<group>";
		};
		10DFEA3F25EDEA29002EF553 /* Feature */ = {
			isa = PBXGroup;
			children = (
				10DFEA4025EDEA5D002EF553 /* Home */,
			);
			path = Feature;
			sourceTree = "<group>";
		};
		10DFEA4025EDEA5D002EF553 /* Home */ = {
			isa = PBXGroup;
			children = (
				10DFEA4525EDEBF7002EF553 /* API */,
				10DFEA4425EDEBEB002EF553 /* ViewModel */,
				10DFEA4325EDEBE7002EF553 /* View */,
				10DFEA4225EDEBE0002EF553 /* Model */,
			);
			path = Home;
			sourceTree = "<group>";
		};
		10DFEA4225EDEBE0002EF553 /* Model */ = {
			isa = PBXGroup;
			children = (
				10DFEA4C25EDF3AE002EF553 /* HomeResponseWrapper.swift */,
			);
			path = Model;
			sourceTree = "<group>";
		};
		10DFEA4325EDEBE7002EF553 /* View */ = {
			isa = PBXGroup;
			children = (
				10DFEA4625EDEC1A002EF553 /* HomeViewController.swift */,
				10DFEA4725EDEC1A002EF553 /* HomeViewController.xib */,
			);
			path = View;
			sourceTree = "<group>";
		};
		10DFEA4425EDEBEB002EF553 /* ViewModel */ = {
			isa = PBXGroup;
			children = (
				10DFEA4F25EDF910002EF553 /* HomeViewModel.swift */,
			);
			path = ViewModel;
			sourceTree = "<group>";
		};
		10DFEA4525EDEBF7002EF553 /* API */ = {
			isa = PBXGroup;
			children = (
				10DFEA6425EE0FF9002EF553 /* HomeNetworkProvider.swift */,
				10DFEA6725EE1020002EF553 /* HomeTarget.swift */,
			);
			path = API;
			sourceTree = "<group>";
		};
		200EBCC6A8118D742B71DEEA /* Pods */ = {
			isa = PBXGroup;
			children = (
				F7A7FA8CE36D934B4827E0C4 /* Pods-Learn IOS AM.debug.xcconfig */,
				B3CC9CD08F78FF5BF7337E2E /* Pods-Learn IOS AM.release.xcconfig */,
			);
			path = Pods;
			sourceTree = "<group>";
		};
/* End PBXGroup section */

/* Begin PBXNativeTarget section */
		10DFEA1F25ECAC90002EF553 /* Learn IOS AM */ = {
			isa = PBXNativeTarget;
			buildConfigurationList = 10DFEA3725ECAC97002EF553 /* Build configuration list for PBXNativeTarget "Learn IOS AM" */;
			buildPhases = (
				325EF0E2D2CC20A504395B20 /* [CP] Check Pods Manifest.lock */,
				10DFEA1C25ECAC90002EF553 /* Sources */,
				10DFEA1D25ECAC90002EF553 /* Frameworks */,
				10DFEA1E25ECAC90002EF553 /* Resources */,
				D036FDC87295C9FBADBFBE1B /* [CP] Embed Pods Frameworks */,
			);
			buildRules = (
			);
			dependencies = (
			);
			name = "Learn IOS AM";
			productName = "Learn IOS AM";
			productReference = 10DFEA2025ECAC90002EF553 /* Learn IOS AM.app */;
			productType = "com.apple.product-type.application";
		};
/* End PBXNativeTarget section */

/* Begin PBXProject section */
		10DFEA1825ECAC8F002EF553 /* Project object */ = {
			isa = PBXProject;
			attributes = {
				LastSwiftUpdateCheck = 1240;
				LastUpgradeCheck = 1240;
				TargetAttributes = {
					10DFEA1F25ECAC90002EF553 = {
						CreatedOnToolsVersion = 12.4;
					};
				};
			};
			buildConfigurationList = 10DFEA1B25ECAC8F002EF553 /* Build configuration list for PBXProject "Learn IOS AM" */;
			compatibilityVersion = "Xcode 9.3";
			developmentRegion = en;
			hasScannedForEncodings = 0;
			knownRegions = (
				en,
				Base,
			);
			mainGroup = 10DFEA1725ECAC8F002EF553;
			productRefGroup = 10DFEA2125ECAC90002EF553 /* Products */;
			projectDirPath = "";
			projectRoot = "";
			targets = (
				10DFEA1F25ECAC90002EF553 /* Learn IOS AM */,
			);
		};
/* End PBXProject section */

/* Begin PBXResourcesBuildPhase section */
		10DFEA1E25ECAC90002EF553 /* Resources */ = {
			isa = PBXResourcesBuildPhase;
			buildActionMask = 2147483647;
			files = (
				10DFEA3325ECAC97002EF553 /* LaunchScreen.storyboard in Resources */,
				10DFEA3025ECAC97002EF553 /* Assets.xcassets in Resources */,
				10DFEA4925EDEC1A002EF553 /* HomeViewController.xib in Resources */,
			);
			runOnlyForDeploymentPostprocessing = 0;
		};
/* End PBXResourcesBuildPhase section */

/* Begin PBXShellScriptBuildPhase section */
		325EF0E2D2CC20A504395B20 /* [CP] Check Pods Manifest.lock */ = {
			isa = PBXShellScriptBuildPhase;
			buildActionMask = 2147483647;
			files = (
			);
			inputFileListPaths = (
			);
			inputPaths = (
				"${PODS_PODFILE_DIR_PATH}/Podfile.lock",
				"${PODS_ROOT}/Manifest.lock",
			);
			name = "[CP] Check Pods Manifest.lock";
			outputFileListPaths = (
			);
			outputPaths = (
				"$(DERIVED_FILE_DIR)/Pods-Learn IOS AM-checkManifestLockResult.txt",
			);
			runOnlyForDeploymentPostprocessing = 0;
			shellPath = /bin/sh;
			shellScript = "diff \"${PODS_PODFILE_DIR_PATH}/Podfile.lock\" \"${PODS_ROOT}/Manifest.lock\" > /dev/null\nif [ $? != 0 ] ; then\n    # print error to STDERR\n    echo \"error: The sandbox is not in sync with the Podfile.lock. Run 'pod install' or update your CocoaPods installation.\" >&2\n    exit 1\nfi\n# This output is used by Xcode 'outputs' to avoid re-running this script phase.\necho \"SUCCESS\" > \"${SCRIPT_OUTPUT_FILE_0}\"\n";
			showEnvVarsInLog = 0;
		};
		D036FDC87295C9FBADBFBE1B /* [CP] Embed Pods Frameworks */ = {
			isa = PBXShellScriptBuildPhase;
			buildActionMask = 2147483647;
			files = (
			);
			inputFileListPaths = (
				"${PODS_ROOT}/Target Support Files/Pods-Learn IOS AM/Pods-Learn IOS AM-frameworks-${CONFIGURATION}-input-files.xcfilelist",
			);
			name = "[CP] Embed Pods Frameworks";
			outputFileListPaths = (
				"${PODS_ROOT}/Target Support Files/Pods-Learn IOS AM/Pods-Learn IOS AM-frameworks-${CONFIGURATION}-output-files.xcfilelist",
			);
			runOnlyForDeploymentPostprocessing = 0;
			shellPath = /bin/sh;
			shellScript = "\"${PODS_ROOT}/Target Support Files/Pods-Learn IOS AM/Pods-Learn IOS AM-frameworks.sh\"\n";
			showEnvVarsInLog = 0;
		};
/* End PBXShellScriptBuildPhase section */

/* Begin PBXSourcesBuildPhase section */
		10DFEA1C25ECAC90002EF553 /* Sources */ = {
			isa = PBXSourcesBuildPhase;
			buildActionMask = 2147483647;
			files = (
				10DFEA4825EDEC1A002EF553 /* HomeViewController.swift in Sources */,
				10DFEA4D25EDF3AE002EF553 /* HomeResponseWrapper.swift in Sources */,
				10DFEA6525EE0FF9002EF553 /* HomeNetworkProvider.swift in Sources */,
				10DFEA5025EDF910002EF553 /* HomeViewModel.swift in Sources */,
				10DFEA2825ECAC90002EF553 /* ViewController.swift in Sources */,
				10DFEA2425ECAC90002EF553 /* AppDelegate.swift in Sources */,
				10DFEA6825EE1020002EF553 /* HomeTarget.swift in Sources */,
				10DFEA2E25ECAC90002EF553 /* Learn_IOS_AM.xcdatamodeld in Sources */,
				10DFEA2625ECAC90002EF553 /* SceneDelegate.swift in Sources */,
			);
			runOnlyForDeploymentPostprocessing = 0;
		};
/* End PBXSourcesBuildPhase section */

/* Begin PBXVariantGroup section */
		10DFEA3125ECAC97002EF553 /* LaunchScreen.storyboard */ = {
			isa = PBXVariantGroup;
			children = (
				10DFEA3225ECAC97002EF553 /* Base */,
			);
			name = LaunchScreen.storyboard;
			sourceTree = "<group>";
		};
/* End PBXVariantGroup section */

/* Begin XCBuildConfiguration section */
		10DFEA3525ECAC97002EF553 /* Debug */ = {
			isa = XCBuildConfiguration;
			buildSettings = {
				ALWAYS_SEARCH_USER_PATHS = NO;
				CLANG_ANALYZER_NONNULL = YES;
				CLANG_ANALYZER_NUMBER_OBJECT_CONVERSION = YES_AGGRESSIVE;
				CLANG_CXX_LANGUAGE_STANDARD = "gnu++14";
				CLANG_CXX_LIBRARY = "libc++";
				CLANG_ENABLE_MODULES = YES;
				CLANG_ENABLE_OBJC_ARC = YES;
				CLANG_ENABLE_OBJC_WEAK = YES;
				CLANG_WARN_BLOCK_CAPTURE_AUTORELEASING = YES;
				CLANG_WARN_BOOL_CONVERSION = YES;
				CLANG_WARN_COMMA = YES;
				CLANG_WARN_CONSTANT_CONVERSION = YES;
				CLANG_WARN_DEPRECATED_OBJC_IMPLEMENTATIONS = YES;
				CLANG_WARN_DIRECT_OBJC_ISA_USAGE = YES_ERROR;
				CLANG_WARN_DOCUMENTATION_COMMENTS = YES;
				CLANG_WARN_EMPTY_BODY = YES;
				CLANG_WARN_ENUM_CONVERSION = YES;
				CLANG_WARN_INFINITE_RECURSION = YES;
				CLANG_WARN_INT_CONVERSION = YES;
				CLANG_WARN_NON_LITERAL_NULL_CONVERSION = YES;
				CLANG_WARN_OBJC_IMPLICIT_RETAIN_SELF = YES;
				CLANG_WARN_OBJC_LITERAL_CONVERSION = YES;
				CLANG_WARN_OBJC_ROOT_CLASS = YES_ERROR;
				CLANG_WARN_QUOTED_INCLUDE_IN_FRAMEWORK_HEADER = YES;
				CLANG_WARN_RANGE_LOOP_ANALYSIS = YES;
				CLANG_WARN_STRICT_PROTOTYPES = YES;
				CLANG_WARN_SUSPICIOUS_MOVE = YES;
				CLANG_WARN_UNGUARDED_AVAILABILITY = YES_AGGRESSIVE;
				CLANG_WARN_UNREACHABLE_CODE = YES;
				CLANG_WARN__DUPLICATE_METHOD_MATCH = YES;
				COPY_PHASE_STRIP = NO;
				DEBUG_INFORMATION_FORMAT = dwarf;
				ENABLE_STRICT_OBJC_MSGSEND = YES;
				ENABLE_TESTABILITY = YES;
				GCC_C_LANGUAGE_STANDARD = gnu11;
				GCC_DYNAMIC_NO_PIC = NO;
				GCC_NO_COMMON_BLOCKS = YES;
				GCC_OPTIMIZATION_LEVEL = 0;
				GCC_PREPROCESSOR_DEFINITIONS = (
					"DEBUG=1",
					"$(inherited)",
				);
				GCC_WARN_64_TO_32_BIT_CONVERSION = YES;
				GCC_WARN_ABOUT_RETURN_TYPE = YES_ERROR;
				GCC_WARN_UNDECLARED_SELECTOR = YES;
				GCC_WARN_UNINITIALIZED_AUTOS = YES_AGGRESSIVE;
				GCC_WARN_UNUSED_FUNCTION = YES;
				GCC_WARN_UNUSED_VARIABLE = YES;
				IPHONEOS_DEPLOYMENT_TARGET = 14.4;
				MTL_ENABLE_DEBUG_INFO = INCLUDE_SOURCE;
				MTL_FAST_MATH = YES;
				ONLY_ACTIVE_ARCH = YES;
				SDKROOT = iphoneos;
				SWIFT_ACTIVE_COMPILATION_CONDITIONS = DEBUG;
				SWIFT_OPTIMIZATION_LEVEL = "-Onone";
			};
			name = Debug;
		};
		10DFEA3625ECAC97002EF553 /* Release */ = {
			isa = XCBuildConfiguration;
			buildSettings = {
				ALWAYS_SEARCH_USER_PATHS = NO;
				CLANG_ANALYZER_NONNULL = YES;
				CLANG_ANALYZER_NUMBER_OBJECT_CONVERSION = YES_AGGRESSIVE;
				CLANG_CXX_LANGUAGE_STANDARD = "gnu++14";
				CLANG_CXX_LIBRARY = "libc++";
				CLANG_ENABLE_MODULES = YES;
				CLANG_ENABLE_OBJC_ARC = YES;
				CLANG_ENABLE_OBJC_WEAK = YES;
				CLANG_WARN_BLOCK_CAPTURE_AUTORELEASING = YES;
				CLANG_WARN_BOOL_CONVERSION = YES;
				CLANG_WARN_COMMA = YES;
				CLANG_WARN_CONSTANT_CONVERSION = YES;
				CLANG_WARN_DEPRECATED_OBJC_IMPLEMENTATIONS = YES;
				CLANG_WARN_DIRECT_OBJC_ISA_USAGE = YES_ERROR;
				CLANG_WARN_DOCUMENTATION_COMMENTS = YES;
				CLANG_WARN_EMPTY_BODY = YES;
				CLANG_WARN_ENUM_CONVERSION = YES;
				CLANG_WARN_INFINITE_RECURSION = YES;
				CLANG_WARN_INT_CONVERSION = YES;
				CLANG_WARN_NON_LITERAL_NULL_CONVERSION = YES;
				CLANG_WARN_OBJC_IMPLICIT_RETAIN_SELF = YES;
				CLANG_WARN_OBJC_LITERAL_CONVERSION = YES;
				CLANG_WARN_OBJC_ROOT_CLASS = YES_ERROR;
				CLANG_WARN_QUOTED_INCLUDE_IN_FRAMEWORK_HEADER = YES;
				CLANG_WARN_RANGE_LOOP_ANALYSIS = YES;
				CLANG_WARN_STRICT_PROTOTYPES = YES;
				CLANG_WARN_SUSPICIOUS_MOVE = YES;
				CLANG_WARN_UNGUARDED_AVAILABILITY = YES_AGGRESSIVE;
				CLANG_WARN_UNREACHABLE_CODE = YES;
				CLANG_WARN__DUPLICATE_METHOD_MATCH = YES;
				COPY_PHASE_STRIP = NO;
				DEBUG_INFORMATION_FORMAT = "dwarf-with-dsym";
				ENABLE_NS_ASSERTIONS = NO;
				ENABLE_STRICT_OBJC_MSGSEND = YES;
				GCC_C_LANGUAGE_STANDARD = gnu11;
				GCC_NO_COMMON_BLOCKS = YES;
				GCC_WARN_64_TO_32_BIT_CONVERSION = YES;
				GCC_WARN_ABOUT_RETURN_TYPE = YES_ERROR;
				GCC_WARN_UNDECLARED_SELECTOR = YES;
				GCC_WARN_UNINITIALIZED_AUTOS = YES_AGGRESSIVE;
				GCC_WARN_UNUSED_FUNCTION = YES;
				GCC_WARN_UNUSED_VARIABLE = YES;
				IPHONEOS_DEPLOYMENT_TARGET = 14.4;
				MTL_ENABLE_DEBUG_INFO = NO;
				MTL_FAST_MATH = YES;
				SDKROOT = iphoneos;
				SWIFT_COMPILATION_MODE = wholemodule;
				SWIFT_OPTIMIZATION_LEVEL = "-O";
				VALIDATE_PRODUCT = YES;
			};
			name = Release;
		};
		10DFEA3825ECAC97002EF553 /* Debug */ = {
			isa = XCBuildConfiguration;
			baseConfigurationReference = F7A7FA8CE36D934B4827E0C4 /* Pods-Learn IOS AM.debug.xcconfig */;
			buildSettings = {
				ASSETCATALOG_COMPILER_APPICON_NAME = AppIcon;
				ASSETCATALOG_COMPILER_GLOBAL_ACCENT_COLOR_NAME = AccentColor;
				CODE_SIGN_STYLE = Automatic;
				INFOPLIST_FILE = "Learn IOS AM/Info.plist";
				LD_RUNPATH_SEARCH_PATHS = (
					"$(inherited)",
					"@executable_path/Frameworks",
				);
				PRODUCT_BUNDLE_IDENTIFIER = "com.Learn-IOS-AM";
				PRODUCT_NAME = "$(TARGET_NAME)";
				SWIFT_VERSION = 5.0;
				TARGETED_DEVICE_FAMILY = "1,2";
			};
			name = Debug;
		};
		10DFEA3925ECAC97002EF553 /* Release */ = {
			isa = XCBuildConfiguration;
			baseConfigurationReference = B3CC9CD08F78FF5BF7337E2E /* Pods-Learn IOS AM.release.xcconfig */;
			buildSettings = {
				ASSETCATALOG_COMPILER_APPICON_NAME = AppIcon;
				ASSETCATALOG_COMPILER_GLOBAL_ACCENT_COLOR_NAME = AccentColor;
				CODE_SIGN_STYLE = Automatic;
				INFOPLIST_FILE = "Learn IOS AM/Info.plist";
				LD_RUNPATH_SEARCH_PATHS = (
					"$(inherited)",
					"@executable_path/Frameworks",
				);
				PRODUCT_BUNDLE_IDENTIFIER = "com.Learn-IOS-AM";
				PRODUCT_NAME = "$(TARGET_NAME)";
				SWIFT_VERSION = 5.0;
				TARGETED_DEVICE_FAMILY = "1,2";
			};
			name = Release;
		};
/* End XCBuildConfiguration section */

/* Begin XCConfigurationList section */
		10DFEA1B25ECAC8F002EF553 /* Build configuration list for PBXProject "Learn IOS AM" */ = {
			isa = XCConfigurationList;
			buildConfigurations = (
				10DFEA3525ECAC97002EF553 /* Debug */,
				10DFEA3625ECAC97002EF553 /* Release */,
			);
			defaultConfigurationIsVisible = 0;
			defaultConfigurationName = Release;
		};
		10DFEA3725ECAC97002EF553 /* Build configuration list for PBXNativeTarget "Learn IOS AM" */ = {
			isa = XCConfigurationList;
			buildConfigurations = (
				10DFEA3825ECAC97002EF553 /* Debug */,
				10DFEA3925ECAC97002EF553 /* Release */,
			);
			defaultConfigurationIsVisible = 0;
			defaultConfigurationName = Release;
		};
/* End XCConfigurationList section */

/* Begin XCVersionGroup section */
		10DFEA2C25ECAC90002EF553 /* Learn_IOS_AM.xcdatamodeld */ = {
			isa = XCVersionGroup;
			children = (
				10DFEA2D25ECAC90002EF553 /* Learn_IOS_AM.xcdatamodel */,
			);
			currentVersion = 10DFEA2D25ECAC90002EF553 /* Learn_IOS_AM.xcdatamodel */;
			path = Learn_IOS_AM.xcdatamodeld;
			sourceTree = "<group>";
			versionGroupType = wrapper.xcdatamodel;
		};
/* End XCVersionGroup section */
	};
	rootObject = 10DFEA1825ECAC8F002EF553 /* Project object */;
}
